
Microsoft Visual Studio Solution File, Format Version 12.00
# Visual Studio Version 17
VisualStudioVersion = 17.14.36414.22
MinimumVisualStudioVersion = 10.0.40219.1
Project("{FAE04EC0-301F-11D3-BF4B-00C04F79EFBC}") = "HashifyNETCLI", "HashifyNETCLI\HashifyNETCLI.csproj", "{C501C90D-26EC-409F-B4CE-3B2125A4850F}"
EndProject
Global
	GlobalSection(SolutionConfigurationPlatforms) = preSolution
		Debug|Any CPU = Debug|Any CPU
		Release|Any CPU = Release|Any CPU
	EndGlobalSection
	GlobalSection(ProjectConfigurationPlatforms) = postSolution
		{C501C90D-26EC-409F-B4CE-3B2125A4850F}.Debug|Any CPU.ActiveCfg = Debug|Any CPU
		{C501C90D-26EC-409F-B4CE-3B2125A4850F}.Debug|Any CPU.Build.0 = Debug|Any CPU
		{C501C90D-26EC-409F-B4CE-3B2125A4850F}.Release|Any CPU.ActiveCfg = Release|Any CPU
		{C501C90D-26EC-409F-B4CE-3B2125A4850F}.Release|Any CPU.Build.0 = Release|Any CPU
	EndGlobalSection
	GlobalSection(SolutionProperties) = preSolution
		HideSolutionNode = FALSE
	EndGlobalSection
	GlobalSection(ExtensibilityGlobals) = postSolution
		SolutionGuid = {73CF8BBF-B735-4D7A-AA48-4466E8518762}
	EndGlobalSection
EndGlobal
